
Microsoft Visual Studio Solution File, Format Version 12.00
# Visual Studio Version 16
VisualStudioVersion = 25.0.1706.4
MinimumVisualStudioVersion = 10.0.40219.1
Project("{FAE04EC0-301F-11D3-BF4B-00C04F79EFBC}") = "ResidentManagement", "ResidentManagement.csproj", "{BF90CDD3-2046-4F61-BB3A-0C56A288D26C}"
EndProject
Global
	GlobalSection(SolutionConfigurationPlatforms) = preSolution
		Debug|Any CPU = Debug|Any CPU
		Release|Any CPU = Release|Any CPU
	EndGlobalSection
	GlobalSection(ProjectConfigurationPlatforms) = postSolution
		{BF90CDD3-2046-4F61-BB3A-0C56A288D26C}.Debug|Any CPU.ActiveCfg = Debug|Any CPU
		{BF90CDD3-2046-4F61-BB3A-0C56A288D26C}.Debug|Any CPU.Build.0 = Debug|Any CPU
		{BF90CDD3-2046-4F61-BB3A-0C56A288D26C}.Release|Any CPU.ActiveCfg = Release|Any CPU
		{BF90CDD3-2046-4F61-BB3A-0C56A288D26C}.Release|Any CPU.Build.0 = Release|Any CPU
	EndGlobalSection
	GlobalSection(SolutionProperties) = preSolution
		HideSolutionNode = FALSE
	EndGlobalSection
	GlobalSection(ExtensibilityGlobals) = postSolution
		SolutionGuid = {813636C0-130C-4590-8EA4-CEE22C06FF2E}
	EndGlobalSection
EndGlobal
